Microsoft Visual Studio Solution File, Format Version 11.00
# Visual Studio 2008

Project("{75F998D3-DE64-94BD-6E1C-345F60A4E85B}") = "mandelbot", "Assembly-CSharp.csproj", "{693E5FD0-1B3F-0E8E-3B4A-17442F3555DD}"
EndProject
Project("{75F998D3-DE64-94BD-6E1C-345F60A4E85B}") = "mandelbot", "Assembly-CSharp-Editor.csproj", "{035E35A9-7101-B409-FA3E-CB112923C8C0}"
EndProject
Global
	GlobalSection(SolutionConfigurationPlatforms) = preSolution
		Debug|Any CPU = Debug|Any CPU
		Release|Any CPU = Release|Any CPU
	EndGlobalSection
	GlobalSection(ProjectConfigurationPlatforms) = postSolution
		{693E5FD0-1B3F-0E8E-3B4A-17442F3555DD}.Debug|Any CPU.ActiveCfg = Debug|Any CPU
		{693E5FD0-1B3F-0E8E-3B4A-17442F3555DD}.Debug|Any CPU.Build.0 = Debug|Any CPU
		{693E5FD0-1B3F-0E8E-3B4A-17442F3555DD}.Release|Any CPU.ActiveCfg = Release|Any CPU
		{693E5FD0-1B3F-0E8E-3B4A-17442F3555DD}.Release|Any CPU.Build.0 = Release|Any CPU
		{035E35A9-7101-B409-FA3E-CB112923C8C0}.Debug|Any CPU.ActiveCfg = Debug|Any CPU
		{035E35A9-7101-B409-FA3E-CB112923C8C0}.Debug|Any CPU.Build.0 = Debug|Any CPU
		{035E35A9-7101-B409-FA3E-CB112923C8C0}.Release|Any CPU.ActiveCfg = Release|Any CPU
		{035E35A9-7101-B409-FA3E-CB112923C8C0}.Release|Any CPU.Build.0 = Release|Any CPU
	EndGlobalSection
	GlobalSection(SolutionProperties) = preSolution
		HideSolutionNode = FALSE
	EndGlobalSection
	GlobalSection(MonoDevelopProperties) = preSolution
		StartupItem = Assembly-CSharp.csproj
	EndGlobalSection
EndGlobal
